
Microsoft Visual Studio Solution File, Format Version 12.00
# Visual Studio Version 17
VisualStudioVersion = 17.4.33205.214
MinimumVisualStudioVersion = 10.0.40219.1
Project("{FAE04EC0-301F-11D3-BF4B-00C04F79EFBC}") = "ATM", "ATM\ATM.csproj", "{32107F30-62D9-45C8-8EFE-8EC8234EB0A7}"
EndProject
Global
	GlobalSection(SolutionConfigurationPlatforms) = preSolution
		Debug|Any CPU = Debug|Any CPU
		Release|Any CPU = Release|Any CPU
	EndGlobalSection
	GlobalSection(ProjectConfigurationPlatforms) = postSolution
		{32107F30-62D9-45C8-8EFE-8EC8234EB0A7}.Debug|Any CPU.ActiveCfg = Debug|Any CPU
		{32107F30-62D9-45C8-8EFE-8EC8234EB0A7}.Debug|Any CPU.Build.0 = Debug|Any CPU
		{32107F30-62D9-45C8-8EFE-8EC8234EB0A7}.Release|Any CPU.ActiveCfg = Release|Any CPU
		{32107F30-62D9-45C8-8EFE-8EC8234EB0A7}.Release|Any CPU.Build.0 = Release|Any CPU
	EndGlobalSection
	GlobalSection(SolutionProperties) = preSolution
		HideSolutionNode = FALSE
	EndGlobalSection
	GlobalSection(ExtensibilityGlobals) = postSolution
		SolutionGuid = {4D81CA72-9F9B-4B88-9870-4773DD0F5D60}
	EndGlobalSection
EndGlobal
